
Microsoft Visual Studio Solution File, Format Version 12.00
# Visual Studio 2012
Project("{FAE04EC0-301F-11D3-BF4B-00C04F79EFBC}") = "StoreFront", "StoreFront\StoreFront.csproj", "{BC22AF6C-3D45-4D2C-92F9-C81545B9D491}"
EndProject
Project("{FAE04EC0-301F-11D3-BF4B-00C04F79EFBC}") = "StoreFront.Domain", "StoreFront.Domain\StoreFront.Domain.csproj", "{F6C99FBA-C79C-45A2-8B55-01AED6362C72}"
EndProject
Project("{FAE04EC0-301F-11D3-BF4B-00C04F79EFBC}") = "RESTWarehouse", "RESTWarehouse\RESTWarehouse.csproj", "{AFCD4AC6-A564-4886-A534-D2C8DB3EBEE2}"
EndProject
Project("{2150E333-8FDC-42A3-9474-1A3956D46DE8}") = ".nuget", ".nuget", "{C44C46B6-1E6A-4574-9A80-E814960D09A9}"
	ProjectSection(SolutionItems) = preProject
		.nuget\NuGet.Config = .nuget\NuGet.Config
		.nuget\NuGet.exe = .nuget\NuGet.exe
		.nuget\NuGet.targets = .nuget\NuGet.targets
	EndProjectSection
EndProject
Project("{FAE04EC0-301F-11D3-BF4B-00C04F79EFBC}") = "RavenDBMembership", "RavenDBMembership\RavenDBMembership.csproj", "{07CCE5B6-9111-46DC-AAEC-00D80E19FE4A}"
EndProject
Global
	GlobalSection(SolutionConfigurationPlatforms) = preSolution
		Debug|Any CPU = Debug|Any CPU
		Release|Any CPU = Release|Any CPU
	EndGlobalSection
	GlobalSection(ProjectConfigurationPlatforms) = postSolution
		{BC22AF6C-3D45-4D2C-92F9-C81545B9D491}.Debug|Any CPU.ActiveCfg = Debug|Any CPU
		{BC22AF6C-3D45-4D2C-92F9-C81545B9D491}.Debug|Any CPU.Build.0 = Debug|Any CPU
		{BC22AF6C-3D45-4D2C-92F9-C81545B9D491}.Release|Any CPU.ActiveCfg = Release|Any CPU
		{BC22AF6C-3D45-4D2C-92F9-C81545B9D491}.Release|Any CPU.Build.0 = Release|Any CPU
		{F6C99FBA-C79C-45A2-8B55-01AED6362C72}.Debug|Any CPU.ActiveCfg = Debug|Any CPU
		{F6C99FBA-C79C-45A2-8B55-01AED6362C72}.Debug|Any CPU.Build.0 = Debug|Any CPU
		{F6C99FBA-C79C-45A2-8B55-01AED6362C72}.Release|Any CPU.ActiveCfg = Release|Any CPU
		{F6C99FBA-C79C-45A2-8B55-01AED6362C72}.Release|Any CPU.Build.0 = Release|Any CPU
		{AFCD4AC6-A564-4886-A534-D2C8DB3EBEE2}.Debug|Any CPU.ActiveCfg = Debug|Any CPU
		{AFCD4AC6-A564-4886-A534-D2C8DB3EBEE2}.Debug|Any CPU.Build.0 = Debug|Any CPU
		{AFCD4AC6-A564-4886-A534-D2C8DB3EBEE2}.Release|Any CPU.ActiveCfg = Release|Any CPU
		{AFCD4AC6-A564-4886-A534-D2C8DB3EBEE2}.Release|Any CPU.Build.0 = Release|Any CPU
		{07CCE5B6-9111-46DC-AAEC-00D80E19FE4A}.Debug|Any CPU.ActiveCfg = Debug|Any CPU
		{07CCE5B6-9111-46DC-AAEC-00D80E19FE4A}.Debug|Any CPU.Build.0 = Debug|Any CPU
		{07CCE5B6-9111-46DC-AAEC-00D80E19FE4A}.Release|Any CPU.ActiveCfg = Release|Any CPU
		{07CCE5B6-9111-46DC-AAEC-00D80E19FE4A}.Release|Any CPU.Build.0 = Release|Any CPU
	EndGlobalSection
	GlobalSection(SolutionProperties) = preSolution
		HideSolutionNode = FALSE
	EndGlobalSection
EndGlobal
